{
  "requires": true,
  "lockfileVersion": 1,
  "dependencies": {
    "autoprefixer": {
      "version": "10.4.0",
      "resolved": "https://registry.npmjs.org/autoprefixer/-/autoprefixer-10.4.0.tgz",
      "integrity": "sha512-7FdJ1ONtwzV1G43GDD0kpVMn/qbiNqyOPMFTX5nRffI+7vgWoFEc6DcXOxHJxrWNDXrZh18eDsZjvZGUljSRGA==",
      "requires": {
        "browserslist": "^4.17.5",
        "caniuse-lite": "^1.0.30001272",
        "fraction.js": "^4.1.1",
        "normalize-range": "^0.1.2",
        "picocolors": "^1.0.0",
        "postcss-value-parser": "^4.1.0"
      }
    },
    "browserslist": {
      "version": "4.19.1",
      "resolved": "https://registry.npmjs.org/browserslist/-/browserslist-4.19.1.tgz",
      "integrity": "sha512-u2tbbG5PdKRTUoctO3NBD8FQ5HdPh1ZXPHzp1rwaa5jTc+RV9/+RlWiAIKmjRPQF+xbGM9Kklj5bZQFa2s/38A==",
      "requires": {
        "caniuse-lite": "^1.0.30001286",
        "electron-to-chromium": "^1.4.17",
        "escalade": "^3.1.1",
        "node-releases": "^2.0.1",
        "picocolors": "^1.0.0"
      }
    },
    "caniuse-lite": {
      "version": "1.0.30001286",
      "resolved": "https://registry.npmjs.org/caniuse-lite/-/caniuse-lite-1.0.30001286.tgz",
      "integrity": "sha512-zaEMRH6xg8ESMi2eQ3R4eZ5qw/hJiVsO/HlLwniIwErij0JDr9P+8V4dtx1l+kLq6j3yy8l8W4fst1lBnat5wQ=="
    },
    "electron-to-chromium": {
      "version": "1.4.18",
      "resolved": "https://registry.npmjs.org/electron-to-chromium/-/electron-to-chromium-1.4.18.tgz",
      "integrity": "sha512-i7nKjGGBE1+YUIbfLObA1EZPmN7J1ITEllbhusDk+KIk6V6gUxN9PFe36v+Sd+8Cg0k3cgUv9lQhQZalr8rggw=="
    },
    "escalade": {
      "version": "3.1.1",
      "resolved": "https://registry.npmjs.org/escalade/-/escalade-3.1.1.tgz",
      "integrity": "sha512-k0er2gUkLf8O0zKJiAhmkTnJlTvINGv7ygDNPbeIsX/TJjGJZHuh9B2UxbsaEkmlEo9MfhrSzmhIlhRlI2GXnw=="
    },
    "fraction.js": {
      "version": "4.1.2",
      "resolved": "https://registry.npmjs.org/fraction.js/-/fraction.js-4.1.2.tgz",
      "integrity": "sha512-o2RiJQ6DZaR/5+Si0qJUIy637QMRudSi9kU/FFzx9EZazrIdnBgpU+3sEWCxAVhH2RtxW2Oz+T4p2o8uOPVcgA=="
    },
    "nanoid": {
      "version": "3.1.30",
      "resolved": "https://registry.npmjs.org/nanoid/-/nanoid-3.1.30.tgz",
      "integrity": "sha512-zJpuPDwOv8D2zq2WRoMe1HsfZthVewpel9CAvTfc/2mBD1uUT/agc5f7GHGWXlYkFvi1mVxe4IjvP2HNrop7nQ=="
    },
    "node-releases": {
      "version": "2.0.1",
      "resolved": "https://registry.npmjs.org/node-releases/-/node-releases-2.0.1.tgz",
      "integrity": "sha512-CqyzN6z7Q6aMeF/ktcMVTzhAHCEpf8SOarwpzpf8pNBY2k5/oM34UHldUwp8VKI7uxct2HxSRdJjBaZeESzcxA=="
    },
    "normalize-range": {
      "version": "0.1.2",
      "resolved": "https://registry.npmjs.org/normalize-range/-/normalize-range-0.1.2.tgz",
      "integrity": "sha1-LRDAa9/TEuqXd2laTShDlFa3WUI="
    },
    "picocolors": {
      "version": "1.0.0",
      "resolved": "https://registry.npmjs.org/picocolors/-/picocolors-1.0.0.tgz",
      "integrity": "sha512-1fygroTLlHu66zi26VoTDv8yRgm0Fccecssto+MhsZ0D/DGW2sm8E8AjW7NU5VVTRt5GxbeZ5qBuJr+HyLYkjQ=="
    },
    "postcss": {
      "version": "8.4.5",
      "resolved": "https://registry.npmjs.org/postcss/-/postcss-8.4.5.tgz",
      "integrity": "sha512-jBDboWM8qpaqwkMwItqTQTiFikhs/67OYVvblFFTM7MrZjt6yMKd6r2kgXizEbTTljacm4NldIlZnhbjr84QYg==",
      "requires": {
        "nanoid": "^3.1.30",
        "picocolors": "^1.0.0",
        "source-map-js": "^1.0.1"
      }
    },
    "postcss-value-parser": {
      "version": "4.2.0",
      "resolved": "https://registry.npmjs.org/postcss-value-parser/-/postcss-value-parser-4.2.0.tgz",
      "integrity": "sha512-1NNCs6uurfkVbeXG4S8JFT9t19m45ICnif8zWLd5oPSZ50QnwMfK+H3jv408d4jw/7Bttv5axS5IiHoLaVNHeQ=="
    },
    "source-map-js": {
      "version": "1.0.1",
      "resolved": "https://registry.npmjs.org/source-map-js/-/source-map-js-1.0.1.tgz",
      "integrity": "sha512-4+TN2b3tqOCd/kaGRJ/sTYA0tR0mdXx26ipdolxcwtJVqEnqNYvlCAt1q3ypy4QMlYus+Zh34RNtYLoq2oQ4IA=="
    }
  }
}
